
Microsoft Visual Studio Solution File, Format Version 12.00
# Visual Studio Version 16
VisualStudioVersion = 16.0.31220.234
MinimumVisualStudioVersion = 10.0.40219.1
Project("{9A19103F-16F7-4668-BE54-9A1E7A4F7556}") = "ClassTestApp", "ClassTestApp\ClassTestApp.csproj", "{8008E099-2104-4215-A1BC-47C3967480EB}"
EndProject
Project("{9A19103F-16F7-4668-BE54-9A1E7A4F7556}") = "InterfaceTestApp", "InterfaceTestApp\InterfaceTestApp.csproj", "{706CEAAA-37D1-490C-9B64-ACD40163B25C}"
EndProject
Project("{9A19103F-16F7-4668-BE54-9A1E7A4F7556}") = "UsinginterfaceTestApp", "UsinginterfaceTestApp\UsinginterfaceTestApp.csproj", "{09AD17B4-F0BD-4582-B8D4-6A408C5A1144}"
EndProject
Project("{FAE04EC0-301F-11D3-BF4B-00C04F79EFBC}") = "AbstractClassTestApp", "AbstractClassTestApp\AbstractClassTestApp.csproj", "{7020CDAE-1B0D-4BEB-BD23-CDFA5713A753}"
EndProject
Project("{FAE04EC0-301F-11D3-BF4B-00C04F79EFBC}") = "PropertyTestApp", "PropertyTestApp\PropertyTestApp.csproj", "{1C4E671A-5CFA-4BD2-8C4D-19A828D521BC}"
EndProject
Project("{FAE04EC0-301F-11D3-BF4B-00C04F79EFBC}") = "ArrayTestApp", "ArrayTestApp\ArrayTestApp.csproj", "{7BB675E0-6A18-4122-A185-8C6C68E07DBC}"
EndProject
Project("{FAE04EC0-301F-11D3-BF4B-00C04F79EFBC}") = "ArrayClassTestAPP", "ArrayClassTestAPP\ArrayClassTestAPP.csproj", "{64E80C6B-F4D7-4EE9-B439-5E6D42DFCE59}"
EndProject
Project("{FAE04EC0-301F-11D3-BF4B-00C04F79EFBC}") = "CollectionTestApp", "CollectionTestApp\CollectionTestApp.csproj", "{BE5048CC-37B9-4883-99CE-740996D9AB10}"
EndProject
Project("{FAE04EC0-301F-11D3-BF4B-00C04F79EFBC}") = "QueueTestApp", "QueueTestApp\QueueTestApp.csproj", "{478CE917-AF60-4821-8051-69EA41CAC06E}"
EndProject
Project("{FAE04EC0-301F-11D3-BF4B-00C04F79EFBC}") = "IndexerTestApp", "IndexerTestApp\IndexerTestApp.csproj", "{A50A7C84-041D-46D0-A002-FF57B102CF33}"
EndProject
Global
	GlobalSection(SolutionConfigurationPlatforms) = preSolution
		Debug|Any CPU = Debug|Any CPU
		Release|Any CPU = Release|Any CPU
	EndGlobalSection
	GlobalSection(ProjectConfigurationPlatforms) = postSolution
		{8008E099-2104-4215-A1BC-47C3967480EB}.Debug|Any CPU.ActiveCfg = Debug|Any CPU
		{8008E099-2104-4215-A1BC-47C3967480EB}.Debug|Any CPU.Build.0 = Debug|Any CPU
		{8008E099-2104-4215-A1BC-47C3967480EB}.Release|Any CPU.ActiveCfg = Release|Any CPU
		{8008E099-2104-4215-A1BC-47C3967480EB}.Release|Any CPU.Build.0 = Release|Any CPU
		{706CEAAA-37D1-490C-9B64-ACD40163B25C}.Debug|Any CPU.ActiveCfg = Debug|Any CPU
		{706CEAAA-37D1-490C-9B64-ACD40163B25C}.Debug|Any CPU.Build.0 = Debug|Any CPU
		{706CEAAA-37D1-490C-9B64-ACD40163B25C}.Release|Any CPU.ActiveCfg = Release|Any CPU
		{706CEAAA-37D1-490C-9B64-ACD40163B25C}.Release|Any CPU.Build.0 = Release|Any CPU
		{09AD17B4-F0BD-4582-B8D4-6A408C5A1144}.Debug|Any CPU.ActiveCfg = Debug|Any CPU
		{09AD17B4-F0BD-4582-B8D4-6A408C5A1144}.Debug|Any CPU.Build.0 = Debug|Any CPU
		{09AD17B4-F0BD-4582-B8D4-6A408C5A1144}.Release|Any CPU.ActiveCfg = Release|Any CPU
		{09AD17B4-F0BD-4582-B8D4-6A408C5A1144}.Release|Any CPU.Build.0 = Release|Any CPU
		{7020CDAE-1B0D-4BEB-BD23-CDFA5713A753}.Debug|Any CPU.ActiveCfg = Debug|Any CPU
		{7020CDAE-1B0D-4BEB-BD23-CDFA5713A753}.Debug|Any CPU.Build.0 = Debug|Any CPU
		{7020CDAE-1B0D-4BEB-BD23-CDFA5713A753}.Release|Any CPU.ActiveCfg = Release|Any CPU
		{7020CDAE-1B0D-4BEB-BD23-CDFA5713A753}.Release|Any CPU.Build.0 = Release|Any CPU
		{1C4E671A-5CFA-4BD2-8C4D-19A828D521BC}.Debug|Any CPU.ActiveCfg = Debug|Any CPU
		{1C4E671A-5CFA-4BD2-8C4D-19A828D521BC}.Debug|Any CPU.Build.0 = Debug|Any CPU
		{1C4E671A-5CFA-4BD2-8C4D-19A828D521BC}.Release|Any CPU.ActiveCfg = Release|Any CPU
		{1C4E671A-5CFA-4BD2-8C4D-19A828D521BC}.Release|Any CPU.Build.0 = Release|Any CPU
		{7BB675E0-6A18-4122-A185-8C6C68E07DBC}.Debug|Any CPU.ActiveCfg = Debug|Any CPU
		{7BB675E0-6A18-4122-A185-8C6C68E07DBC}.Debug|Any CPU.Build.0 = Debug|Any CPU
		{7BB675E0-6A18-4122-A185-8C6C68E07DBC}.Release|Any CPU.ActiveCfg = Release|Any CPU
		{7BB675E0-6A18-4122-A185-8C6C68E07DBC}.Release|Any CPU.Build.0 = Release|Any CPU
		{64E80C6B-F4D7-4EE9-B439-5E6D42DFCE59}.Debug|Any CPU.ActiveCfg = Debug|Any CPU
		{64E80C6B-F4D7-4EE9-B439-5E6D42DFCE59}.Debug|Any CPU.Build.0 = Debug|Any CPU
		{64E80C6B-F4D7-4EE9-B439-5E6D42DFCE59}.Release|Any CPU.ActiveCfg = Release|Any CPU
		{64E80C6B-F4D7-4EE9-B439-5E6D42DFCE59}.Release|Any CPU.Build.0 = Release|Any CPU
		{BE5048CC-37B9-4883-99CE-740996D9AB10}.Debug|Any CPU.ActiveCfg = Debug|Any CPU
		{BE5048CC-37B9-4883-99CE-740996D9AB10}.Debug|Any CPU.Build.0 = Debug|Any CPU
		{BE5048CC-37B9-4883-99CE-740996D9AB10}.Release|Any CPU.ActiveCfg = Release|Any CPU
		{BE5048CC-37B9-4883-99CE-740996D9AB10}.Release|Any CPU.Build.0 = Release|Any CPU
		{478CE917-AF60-4821-8051-69EA41CAC06E}.Debug|Any CPU.ActiveCfg = Debug|Any CPU
		{478CE917-AF60-4821-8051-69EA41CAC06E}.Debug|Any CPU.Build.0 = Debug|Any CPU
		{478CE917-AF60-4821-8051-69EA41CAC06E}.Release|Any CPU.ActiveCfg = Release|Any CPU
		{478CE917-AF60-4821-8051-69EA41CAC06E}.Release|Any CPU.Build.0 = Release|Any CPU
		{A50A7C84-041D-46D0-A002-FF57B102CF33}.Debug|Any CPU.ActiveCfg = Debug|Any CPU
		{A50A7C84-041D-46D0-A002-FF57B102CF33}.Debug|Any CPU.Build.0 = Debug|Any CPU
		{A50A7C84-041D-46D0-A002-FF57B102CF33}.Release|Any CPU.ActiveCfg = Release|Any CPU
		{A50A7C84-041D-46D0-A002-FF57B102CF33}.Release|Any CPU.Build.0 = Release|Any CPU
	EndGlobalSection
	GlobalSection(SolutionProperties) = preSolution
		HideSolutionNode = FALSE
	EndGlobalSection
	GlobalSection(ExtensibilityGlobals) = postSolution
		SolutionGuid = {68F82D51-3FCC-4910-95ED-09E63035B929}
	EndGlobalSection
EndGlobal
